// !$*UTF8*$!
{
	archiveVersion = 1;
	classes = {
	};
	objectVersion = 46;
	objects = {

/* Begin PBXBuildFile section */
		535097D51B0B32E600B4F35C /* AppDelegate.swift in Sources */ = {isa = PBXBuildFile; fileRef = 535097D41B0B32E600B4F35C /* AppDelegate.swift */; };
		535097D71B0B32E600B4F35C /* ViewController.swift in Sources */ = {isa = PBXBuildFile; fileRef = 535097D61B0B32E600B4F35C /* ViewController.swift */; };
		535097DA1B0B32E600B4F35C /* Main.storyboard in Resources */ = {isa = PBXBuildFile; fileRef = 535097D81B0B32E600B4F35C /* Main.storyboard */; };
		535097DC1B0B32E600B4F35C /* Images.xcassets in Resources */ = {isa = PBXBuildFile; fileRef = 535097DB1B0B32E600B4F35C /* Images.xcassets */; };
		535097DF1B0B32E600B4F35C /* LaunchScreen.xib in Resources */ = {isa = PBXBuildFile; fileRef = 535097DD1B0B32E600B4F35C /* LaunchScreen.xib */; };
		535097EB1B0B32E600B4F35C /* ParallaxViewTests.swift in Sources */ = {isa = PBXBuildFile; fileRef = 535097EA1B0B32E600B4F35C /* ParallaxViewTests.swift */; };
		535097F61B0B333500B4F35C /* FriendsBackground.png in Resources */ = {isa = PBXBuildFile; fileRef = 535097F41B0B333500B4F35C /* FriendsBackground.png */; };
		535097F71B0B333500B4F35C /* ParallaxScrollView.swift in Sources */ = {isa = PBXBuildFile; fileRef = 535097F51B0B333500B4F35C /* ParallaxScrollView.swift */; };
/* End PBXBuildFile section */

/* Begin PBXContainerItemProxy section */
		535097E51B0B32E600B4F35C /* PBXContainerItemProxy */ = {
			isa = PBXContainerItemProxy;
			containerPortal = 535097C71B0B32E600B4F35C /* Project object */;
			proxyType = 1;
			remoteGlobalIDString = 535097CE1B0B32E600B4F35C;
			remoteInfo = ParallaxView;
		};
/* End PBXContainerItemProxy section */

/* Begin PBXFileReference section */
		535097CF1B0B32E600B4F35C /* ParallaxView.app */ = {isa = PBXFileReference; explicitFileType = wrapper.application; includeInIndex = 0; path = ParallaxView.app; sourceTree = BUILT_PRODUCTS_DIR; };
		535097D31B0B32E600B4F35C /* Info.plist */ = {isa = PBXFileReference; lastKnownFileType = text.plist.xml; path = Info.plist; sourceTree = "<group>"; };
		535097D41B0B32E600B4F35C /* AppDelegate.swift */ = {isa = PBXFileReference; lastKnownFileType = sourcecode.swift; path = AppDelegate.swift; sourceTree = "<group>"; };
		535097D61B0B32E600B4F35C /* ViewController.swift */ = {isa = PBXFileReference; lastKnownFileType = sourcecode.swift; path = ViewController.swift; sourceTree = "<group>"; };
		535097D91B0B32E600B4F35C /* Base */ = {isa = PBXFileReference; lastKnownFileType = file.storyboard; name = Base; path = Base.lproj/Main.storyboard; sourceTree = "<group>"; };
		535097DB1B0B32E600B4F35C /* Images.xcassets */ = {isa = PBXFileReference; lastKnownFileType = folder.assetcatalog; path = Images.xcassets; sourceTree = "<group>"; };
		535097DE1B0B32E600B4F35C /* Base */ = {isa = PBXFileReference; lastKnownFileType = file.xib; name = Base; path = Base.lproj/LaunchScreen.xib; sourceTree = "<group>"; };
		535097E41B0B32E600B4F35C /* ParallaxViewTests.xctest */ = {isa = PBXFileReference; explicitFileType = wrapper.cfbundle; includeInIndex = 0; path = ParallaxViewTests.xctest; sourceTree = BUILT_PRODUCTS_DIR; };
		535097E91B0B32E600B4F35C /* Info.plist */ = {isa = PBXFileReference; lastKnownFileType = text.plist.xml; path = Info.plist; sourceTree = "<group>"; };
		535097EA1B0B32E600B4F35C /* ParallaxViewTests.swift */ = {isa = PBXFileReference; lastKnownFileType = sourcecode.swift; path = ParallaxViewTests.swift; sourceTree = "<group>"; };
		535097F41B0B333500B4F35C /* FriendsBackground.png */ = {isa = PBXFileReference; lastKnownFileType = image.png; path = FriendsBackground.png; sourceTree = "<group>"; };
		535097F51B0B333500B4F35C /* ParallaxScrollView.swift */ = {isa = PBXFileReference; fileEncoding = 4; lastKnownFileType = sourcecode.swift; path = ParallaxScrollView.swift; sourceTree = "<group>"; };
/* End PBXFileReference section */

/* Begin PBXFrameworksBuildPhase section */
		535097CC1B0B32E600B4F35C /* Frameworks */ = {
			isa = PBXFrameworksBuildPhase;
			buildActionMask = 2147483647;
			files = (
			);
			runOnlyForDeploymentPostprocessing = 0;
		};
		535097E11B0B32E600B4F35C /* Frameworks */ = {
			isa = PBXFrameworksBuildPhase;
			buildActionMask = 2147483647;
			files = (
			);
			runOnlyForDeploymentPostprocessing = 0;
		};
/* End PBXFrameworksBuildPhase section */

/* Begin PBXGroup section */
		535097C61B0B32E600B4F35C = {
			isa = PBXGroup;
			children = (
				535097D11B0B32E600B4F35C /* ParallaxView */,
				535097E71B0B32E600B4F35C /* ParallaxViewTests */,
				535097D01B0B32E600B4F35C /* Products */,
			);
			sourceTree = "<group>";
		};
		535097D01B0B32E600B4F35C /* Products */ = {
			isa = PBXGroup;
			children = (
				535097CF1B0B32E600B4F35C /* ParallaxView.app */,
				535097E41B0B32E600B4F35C /* ParallaxViewTests.xctest */,
			);
			name = Products;
			sourceTree = "<group>";
		};
		535097D11B0B32E600B4F35C /* ParallaxView */ = {
			isa = PBXGroup;
			children = (
				535097D41B0B32E600B4F35C /* AppDelegate.swift */,
				535097D61B0B32E600B4F35C /* ViewController.swift */,
				535097F51B0B333500B4F35C /* ParallaxScrollView.swift */,
				535097F41B0B333500B4F35C /* FriendsBackground.png */,
				535097D81B0B32E600B4F35C /* Main.storyboard */,
				535097DB1B0B32E600B4F35C /* Images.xcassets */,
				535097DD1B0B32E600B4F35C /* LaunchScreen.xib */,
				535097D21B0B32E600B4F35C /* Supporting Files */,
			);
			path = ParallaxView;
			sourceTree = "<group>";
		};
		535097D21B0B32E600B4F35C /* Supporting Files */ = {
			isa = PBXGroup;
			children = (
				535097D31B0B32E600B4F35C /* Info.plist */,
			);
			name = "Supporting Files";
			sourceTree = "<group>";
		};
		535097E71B0B32E600B4F35C /* ParallaxViewTests */ = {
			isa = PBXGroup;
			children = (
				535097EA1B0B32E600B4F35C /* ParallaxViewTests.swift */,
				535097E81B0B32E600B4F35C /* Supporting Files */,
			);
			path = ParallaxViewTests;
			sourceTree = "<group>";
		};
		535097E81B0B32E600B4F35C /* Supporting Files */ = {
			isa = PBXGroup;
			children = (
				535097E91B0B32E600B4F35C /* Info.plist */,
			);
			name = "Supporting Files";
			sourceTree = "<group>";
		};
/* End PBXGroup section */

/* Begin PBXNativeTarget section */
		535097CE1B0B32E600B4F35C /* ParallaxView */ = {
			isa = PBXNativeTarget;
			buildConfigurationList = 535097EE1B0B32E600B4F35C /* Build configuration list for PBXNativeTarget "ParallaxView" */;
			buildPhases = (
				535097CB1B0B32E600B4F35C /* Sources */,
				535097CC1B0B32E600B4F35C /* Frameworks */,
				535097CD1B0B32E600B4F35C /* Resources */,
			);
			buildRules = (
			);
			dependencies = (
			);
			name = ParallaxView;
			productName = ParallaxView;
			productReference = 535097CF1B0B32E600B4F35C /* ParallaxView.app */;
			productType = "com.apple.product-type.application";
		};
		535097E31B0B32E600B4F35C /* ParallaxViewTests */ = {
			isa = PBXNativeTarget;
			buildConfigurationList = 535097F11B0B32E600B4F35C /* Build configuration list for PBXNativeTarget "ParallaxViewTests" */;
			buildPhases = (
				535097E01B0B32E600B4F35C /* Sources */,
				535097E11B0B32E600B4F35C /* Frameworks */,
				535097E21B0B32E600B4F35C /* Resources */,
			);
			buildRules = (
			);
			dependencies = (
				535097E61B0B32E600B4F35C /* PBXTargetDependency */,
			);
			name = ParallaxViewTests;
			productName = ParallaxViewTests;
			productReference = 535097E41B0B32E600B4F35C /* ParallaxViewTests.xctest */;
			productType = "com.apple.product-type.bundle.unit-test";
		};
/* End PBXNativeTarget section */

/* Begin PBXProject section */
		535097C71B0B32E600B4F35C /* Project object */ = {
			isa = PBXProject;
			attributes = {
				LastUpgradeCheck = 0630;
				ORGANIZATIONNAME = haidi;
				TargetAttributes = {
					535097CE1B0B32E600B4F35C = {
						CreatedOnToolsVersion = 6.3;
					};
					535097E31B0B32E600B4F35C = {
						CreatedOnToolsVersion = 6.3;
						TestTargetID = 535097CE1B0B32E600B4F35C;
					};
				};
			};
			buildConfigurationList = 535097CA1B0B32E600B4F35C /* Build configuration list for PBXProject "ParallaxView" */;
			compatibilityVersion = "Xcode 3.2";
			developmentRegion = English;
			hasScannedForEncodings = 0;
			knownRegions = (
				en,
				Base,
			);
			mainGroup = 535097C61B0B32E600B4F35C;
			productRefGroup = 535097D01B0B32E600B4F35C /* Products */;
			projectDirPath = "";
			projectRoot = "";
			targets = (
				535097CE1B0B32E600B4F35C /* ParallaxView */,
				535097E31B0B32E600B4F35C /* ParallaxViewTests */,
			);
		};
/* End PBXProject section */

/* Begin PBXResourcesBuildPhase section */
		535097CD1B0B32E600B4F35C /* Resources */ = {
			isa = PBXResourcesBuildPhase;
			buildActionMask = 2147483647;
			files = (
				535097DA1B0B32E600B4F35C /* Main.storyboard in Resources */,
				535097DF1B0B32E600B4F35C /* LaunchScreen.xib in Resources */,
				535097DC1B0B32E600B4F35C /* Images.xcassets in Resources */,
				535097F61B0B333500B4F35C /* FriendsBackground.png in Resources */,
			);
			runOnlyForDeploymentPostprocessing = 0;
		};
		535097E21B0B32E600B4F35C /* Resources */ = {
			isa = PBXResourcesBuildPhase;
			buildActionMask = 2147483647;
			files = (
			);
			runOnlyForDeploymentPostprocessing = 0;
		};
/* End PBXResourcesBuildPhase section */

/* Begin PBXSourcesBuildPhase section */
		535097CB1B0B32E600B4F35C /* Sources */ = {
			isa = PBXSourcesBuildPhase;
			buildActionMask = 2147483647;
			files = (
				535097F71B0B333500B4F35C /* ParallaxScrollView.swift in Sources */,
				535097D71B0B32E600B4F35C /* ViewController.swift in Sources */,
				535097D51B0B32E600B4F35C /* AppDelegate.swift in Sources */,
			);
			runOnlyForDeploymentPostprocessing = 0;
		};
		535097E01B0B32E600B4F35C /* Sources */ = {
			isa = PBXSourcesBuildPhase;
			buildActionMask = 2147483647;
			files = (
				535097EB1B0B32E600B4F35C /* ParallaxViewTests.swift in Sources */,
			);
			runOnlyForDeploymentPostprocessing = 0;
		};
/* End PBXSourcesBuildPhase section */

/* Begin PBXTargetDependency section */
		535097E61B0B32E600B4F35C /* PBXTargetDependency */ = {
			isa = PBXTargetDependency;
			target = 535097CE1B0B32E600B4F35C /* ParallaxView */;
			targetProxy = 535097E51B0B32E600B4F35C /* PBXContainerItemProxy */;
		};
/* End PBXTargetDependency section */

/* Begin PBXVariantGroup section */
		535097D81B0B32E600B4F35C /* Main.storyboard */ = {
			isa = PBXVariantGroup;
			children = (
				535097D91B0B32E600B4F35C /* Base */,
			);
			name = Main.storyboard;
			sourceTree = "<group>";
		};
		535097DD1B0B32E600B4F35C /* LaunchScreen.xib */ = {
			isa = PBXVariantGroup;
			children = (
				535097DE1B0B32E600B4F35C /* Base */,
			);
			name = LaunchScreen.xib;
			sourceTree = "<group>";
		};
/* End PBXVariantGroup section */

/* Begin XCBuildConfiguration section */
		535097EC1B0B32E600B4F35C /* Debug */ = {
			isa = XCBuildConfiguration;
			buildSettings = {
				ALWAYS_SEARCH_USER_PATHS = NO;
				CLANG_CXX_LANGUAGE_STANDARD = "gnu++0x";
				CLANG_CXX_LIBRARY = "libc++";
				CLANG_ENABLE_MODULES = YES;
				CLANG_ENABLE_OBJC_ARC = YES;
				CLANG_WARN_BOOL_CONVERSION = YES;
				CLANG_WARN_CONSTANT_CONVERSION = YES;
				CLANG_WARN_DIRECT_OBJC_ISA_USAGE = YES_ERROR;
				CLANG_WARN_EMPTY_BODY = YES;
				CLANG_WARN_ENUM_CONVERSION = YES;
				CLANG_WARN_INT_CONVERSION = YES;
				CLANG_WARN_OBJC_ROOT_CLASS = YES_ERROR;
				CLANG_WARN_UNREACHABLE_CODE = YES;
				CLANG_WARN__DUPLICATE_METHOD_MATCH = YES;
				"CODE_SIGN_IDENTITY[sdk=iphoneos*]" = "iPhone Developer";
				COPY_PHASE_STRIP = NO;
				DEBUG_INFORMATION_FORMAT = "dwarf-with-dsym";
				ENABLE_STRICT_OBJC_MSGSEND = YES;
				GCC_C_LANGUAGE_STANDARD = gnu99;
				GCC_DYNAMIC_NO_PIC = NO;
				GCC_NO_COMMON_BLOCKS = YES;
				GCC_OPTIMIZATION_LEVEL = 0;
				GCC_PREPROCESSOR_DEFINITIONS = (
					"DEBUG=1",
					"$(inherited)",
				);
				GCC_SYMBOLS_PRIVATE_EXTERN = NO;
				GCC_WARN_64_TO_32_BIT_CONVERSION = YES;
				GCC_WARN_ABOUT_RETURN_TYPE = YES_ERROR;
				GCC_WARN_UNDECLARED_SELECTOR = YES;
				GCC_WARN_UNINITIALIZED_AUTOS = YES_AGGRESSIVE;
				GCC_WARN_UNUSED_FUNCTION = YES;
				GCC_WARN_UNUSED_VARIABLE = YES;
				IPHONEOS_DEPLOYMENT_TARGET = 8.3;
				MTL_ENABLE_DEBUG_INFO = YES;
				ONLY_ACTIVE_ARCH = YES;
				SDKROOT = iphoneos;
				SWIFT_OPTIMIZATION_LEVEL = "-Onone";
			};
			name = Debug;
		};
		535097ED1B0B32E600B4F35C /* Release */ = {
			isa = XCBuildConfiguration;
			buildSettings = {
				ALWAYS_SEARCH_USER_PATHS = NO;
				CLANG_CXX_LANGUAGE_STANDARD = "gnu++0x";
				CLANG_CXX_LIBRARY = "libc++";
				CLANG_ENABLE_MODULES = YES;
				CLANG_ENABLE_OBJC_ARC = YES;
				CLANG_WARN_BOOL_CONVERSION = YES;
				CLANG_WARN_CONSTANT_CONVERSION = YES;
				CLANG_WARN_DIRECT_OBJC_ISA_USAGE = YES_ERROR;
				CLANG_WARN_EMPTY_BODY = YES;
				CLANG_WARN_ENUM_CONVERSION = YES;
				CLANG_WARN_INT_CONVERSION = YES;
				CLANG_WARN_OBJC_ROOT_CLASS = YES_ERROR;
				CLANG_WARN_UNREACHABLE_CODE = YES;
				CLANG_WARN__DUPLICATE_METHOD_MATCH = YES;
				"CODE_SIGN_IDENTITY[sdk=iphoneos*]" = "iPhone Developer";
				COPY_PHASE_STRIP = NO;
				DEBUG_INFORMATION_FORMAT = "dwarf-with-dsym";
				ENABLE_NS_ASSERTIONS = NO;
				ENABLE_STRICT_OBJC_MSGSEND = YES;
				GCC_C_LANGUAGE_STANDARD = gnu99;
				GCC_NO_COMMON_BLOCKS = YES;
				GCC_WARN_64_TO_32_BIT_CONVERSION = YES;
				GCC_WARN_ABOUT_RETURN_TYPE = YES_ERROR;
				GCC_WARN_UNDECLARED_SELECTOR = YES;
				GCC_WARN_UNINITIALIZED_AUTOS = YES_AGGRESSIVE;
				GCC_WARN_UNUSED_FUNCTION = YES;
				GCC_WARN_UNUSED_VARIABLE = YES;
				IPHONEOS_DEPLOYMENT_TARGET = 8.3;
				MTL_ENABLE_DEBUG_INFO = NO;
				SDKROOT = iphoneos;
				VALIDATE_PRODUCT = YES;
			};
			name = Release;
		};
		535097EF1B0B32E600B4F35C /* Debug */ = {
			isa = XCBuildConfiguration;
			buildSettings = {
				ASSETCATALOG_COMPILER_APPICON_NAME = AppIcon;
				INFOPLIST_FILE = ParallaxView/Info.plist;
				LD_RUNPATH_SEARCH_PATHS = "$(inherited) @executable_path/Frameworks";
				PRODUCT_NAME = "$(TARGET_NAME)";
			};
			name = Debug;
		};
		535097F01B0B32E600B4F35C /* Release */ = {
			isa = XCBuildConfiguration;
			buildSettings = {
				ASSETCATALOG_COMPILER_APPICON_NAME = AppIcon;
				INFOPLIST_FILE = ParallaxView/Info.plist;
				LD_RUNPATH_SEARCH_PATHS = "$(inherited) @executable_path/Frameworks";
				PRODUCT_NAME = "$(TARGET_NAME)";
			};
			name = Release;
		};
		535097F21B0B32E600B4F35C /* Debug */ = {
			isa = XCBuildConfiguration;
			buildSettings = {
				BUNDLE_LOADER = "$(TEST_HOST)";
				FRAMEWORK_SEARCH_PATHS = (
					"$(SDKROOT)/Developer/Library/Frameworks",
					"$(inherited)",
				);
				GCC_PREPROCESSOR_DEFINITIONS = (
					"DEBUG=1",
					"$(inherited)",
				);
				INFOPLIST_FILE = ParallaxViewTests/Info.plist;
				LD_RUNPATH_SEARCH_PATHS = "$(inherited) @executable_path/Frameworks @loader_path/Frameworks";
				PRODUCT_NAME = "$(TARGET_NAME)";
				TEST_HOST = "$(BUILT_PRODUCTS_DIR)/ParallaxView.app/ParallaxView";
			};
			name = Debug;
		};
		535097F31B0B32E600B4F35C /* Release */ = {
			isa = XCBuildConfiguration;
			buildSettings = {
				BUNDLE_LOADER = "$(TEST_HOST)";
				FRAMEWORK_SEARCH_PATHS = (
					"$(SDKROOT)/Developer/Library/Frameworks",
					"$(inherited)",
				);
				INFOPLIST_FILE = ParallaxViewTests/Info.plist;
				LD_RUNPATH_SEARCH_PATHS = "$(inherited) @executable_path/Frameworks @loader_path/Frameworks";
				PRODUCT_NAME = "$(TARGET_NAME)";
				TEST_HOST = "$(BUILT_PRODUCTS_DIR)/ParallaxView.app/ParallaxView";
			};
			name = Release;
		};
/* End XCBuildConfiguration section */

/* Begin XCConfigurationList section */
		535097CA1B0B32E600B4F35C /* Build configuration list for PBXProject "ParallaxView" */ = {
			isa = XCConfigurationList;
			buildConfigurations = (
				535097EC1B0B32E600B4F35C /* Debug */,
				535097ED1B0B32E600B4F35C /* Release */,
			);
			defaultConfigurationIsVisible = 0;
			defaultConfigurationName = Release;
		};
		535097EE1B0B32E600B4F35C /* Build configuration list for PBXNativeTarget "ParallaxView" */ = {
			isa = XCConfigurationList;
			buildConfigurations = (
				535097EF1B0B32E600B4F35C /* Debug */,
				535097F01B0B32E600B4F35C /* Release */,
			);
			defaultConfigurationIsVisible = 0;
			defaultConfigurationName = Release;
		};
		535097F11B0B32E600B4F35C /* Build configuration list for PBXNativeTarget "ParallaxViewTests" */ = {
			isa = XCConfigurationList;
			buildConfigurations = (
				535097F21B0B32E600B4F35C /* Debug */,
				535097F31B0B32E600B4F35C /* Release */,
			);
			defaultConfigurationIsVisible = 0;
			defaultConfigurationName = Release;
		};
/* End XCConfigurationList section */
	};
	rootObject = 535097C71B0B32E600B4F35C /* Project object */;
}
